
Microsoft Visual Studio Solution File, Format Version 12.00
# Visual Studio Express 2012 for Web
Project("{FAE04EC0-301F-11D3-BF4B-00C04F79EFBC}") = "Symphian", "Symphian\Symphian.csproj", "{2EF9FDED-A2F2-4B11-BE6D-8B9B9884EA80}"
EndProject
Project("{FAE04EC0-301F-11D3-BF4B-00C04F79EFBC}") = "Symphian.Tests", "Symphian.Tests\Symphian.Tests.csproj", "{7EB3647E-2B31-416B-8EBE-11FDDEDC6D1D}"
EndProject
Global
	GlobalSection(SolutionConfigurationPlatforms) = preSolution
		Debug|Any CPU = Debug|Any CPU
		Release|Any CPU = Release|Any CPU
	EndGlobalSection
	GlobalSection(ProjectConfigurationPlatforms) = postSolution
		{2EF9FDED-A2F2-4B11-BE6D-8B9B9884EA80}.Debug|Any CPU.ActiveCfg = Debug|Any CPU
		{2EF9FDED-A2F2-4B11-BE6D-8B9B9884EA80}.Debug|Any CPU.Build.0 = Debug|Any CPU
		{2EF9FDED-A2F2-4B11-BE6D-8B9B9884EA80}.Release|Any CPU.ActiveCfg = Release|Any CPU
		{2EF9FDED-A2F2-4B11-BE6D-8B9B9884EA80}.Release|Any CPU.Build.0 = Release|Any CPU
		{7EB3647E-2B31-416B-8EBE-11FDDEDC6D1D}.Debug|Any CPU.ActiveCfg = Debug|Any CPU
		{7EB3647E-2B31-416B-8EBE-11FDDEDC6D1D}.Debug|Any CPU.Build.0 = Debug|Any CPU
		{7EB3647E-2B31-416B-8EBE-11FDDEDC6D1D}.Release|Any CPU.ActiveCfg = Release|Any CPU
		{7EB3647E-2B31-416B-8EBE-11FDDEDC6D1D}.Release|Any CPU.Build.0 = Release|Any CPU
	EndGlobalSection
	GlobalSection(SolutionProperties) = preSolution
		HideSolutionNode = FALSE
	EndGlobalSection
EndGlobal
